
Microsoft Visual Studio Solution File, Format Version 12.00
# Visual Studio Version 17
VisualStudioVersion = 17.4.33213.308
MinimumVisualStudioVersion = 10.0.40219.1
Project("{FAE04EC0-301F-11D3-BF4B-00C04F79EFBC}") = "Week4Loops", "Week4Loops\Week4Loops.csproj", "{40EEF39E-D495-41F6-BAE6-46027EB04E9E}"
EndProject
Project("{FAE04EC0-301F-11D3-BF4B-00C04F79EFBC}") = "ForLoopSum", "ForLoopSum\ForLoopSum.csproj", "{B50AC486-B83F-4E6A-9917-4DFAB9A360DF}"
EndProject
Project("{FAE04EC0-301F-11D3-BF4B-00C04F79EFBC}") = "RandomNumber", "RandomNumber\RandomNumber.csproj", "{863BB09B-8E33-426D-98C9-D0B47D3EB8C2}"
EndProject
Project("{FAE04EC0-301F-11D3-BF4B-00C04F79EFBC}") = "WhileLoops", "WhileLoops\WhileLoops.csproj", "{5F120EB3-36A7-4A61-A096-617BBCD5BA36}"
EndProject
Global
	GlobalSection(SolutionConfigurationPlatforms) = preSolution
		Debug|Any CPU = Debug|Any CPU
		Release|Any CPU = Release|Any CPU
	EndGlobalSection
	GlobalSection(ProjectConfigurationPlatforms) = postSolution
		{40EEF39E-D495-41F6-BAE6-46027EB04E9E}.Debug|Any CPU.ActiveCfg = Debug|Any CPU
		{40EEF39E-D495-41F6-BAE6-46027EB04E9E}.Debug|Any CPU.Build.0 = Debug|Any CPU
		{40EEF39E-D495-41F6-BAE6-46027EB04E9E}.Release|Any CPU.ActiveCfg = Release|Any CPU
		{40EEF39E-D495-41F6-BAE6-46027EB04E9E}.Release|Any CPU.Build.0 = Release|Any CPU
		{B50AC486-B83F-4E6A-9917-4DFAB9A360DF}.Debug|Any CPU.ActiveCfg = Debug|Any CPU
		{B50AC486-B83F-4E6A-9917-4DFAB9A360DF}.Debug|Any CPU.Build.0 = Debug|Any CPU
		{B50AC486-B83F-4E6A-9917-4DFAB9A360DF}.Release|Any CPU.ActiveCfg = Release|Any CPU
		{B50AC486-B83F-4E6A-9917-4DFAB9A360DF}.Release|Any CPU.Build.0 = Release|Any CPU
		{863BB09B-8E33-426D-98C9-D0B47D3EB8C2}.Debug|Any CPU.ActiveCfg = Debug|Any CPU
		{863BB09B-8E33-426D-98C9-D0B47D3EB8C2}.Debug|Any CPU.Build.0 = Debug|Any CPU
		{863BB09B-8E33-426D-98C9-D0B47D3EB8C2}.Release|Any CPU.ActiveCfg = Release|Any CPU
		{863BB09B-8E33-426D-98C9-D0B47D3EB8C2}.Release|Any CPU.Build.0 = Release|Any CPU
		{5F120EB3-36A7-4A61-A096-617BBCD5BA36}.Debug|Any CPU.ActiveCfg = Debug|Any CPU
		{5F120EB3-36A7-4A61-A096-617BBCD5BA36}.Debug|Any CPU.Build.0 = Debug|Any CPU
		{5F120EB3-36A7-4A61-A096-617BBCD5BA36}.Release|Any CPU.ActiveCfg = Release|Any CPU
		{5F120EB3-36A7-4A61-A096-617BBCD5BA36}.Release|Any CPU.Build.0 = Release|Any CPU
	EndGlobalSection
	GlobalSection(SolutionProperties) = preSolution
		HideSolutionNode = FALSE
	EndGlobalSection
	GlobalSection(ExtensibilityGlobals) = postSolution
		SolutionGuid = {FB881CCE-1768-4124-B565-7C678D83CD0E}
	EndGlobalSection
EndGlobal
